{
  "name": "brightcove-video-element",
  "version": "0.1.0",
  "lockfileVersion": 2,
  "requires": true,
  "packages": {
    "": {
      "name": "brightcove-video-element",
      "version": "0.1.0",
      "license": "MIT",
      "dependencies": {
        "videojs-video-element": "^1.0.3"
      },
      "engines": {
        "node": ">=16"
      }
    },
    "node_modules/super-media-element": {
      "version": "1.2.5",
      "resolved": "https://registry.npmjs.org/super-media-element/-/super-media-element-1.2.5.tgz",
      "integrity": "sha512-gvsK4QVc9xGU5m8G9b+00qfRrwUHOSGuMaLw7s9ERJSTQjjTh1YnTCe3ouKbNJMat2RdzJvLm5dZWkFiuAupBQ=="
    },
    "node_modules/videojs-video-element": {
      "version": "1.0.3",
      "resolved": "https://registry.npmjs.org/videojs-video-element/-/videojs-video-element-1.0.3.tgz",
      "integrity": "sha512-jUv4UpG+Q7ap8zbVZIXNlrkoBR0ilNJMSUfnkH2jqgYi93LP+a6L7YCTNPyRdl9jEfwHJLc+aFLTAkDmNvxfBg==",
      "dependencies": {
        "super-media-element": "~1.2.3"
      }
    }
  },
  "dependencies": {
    "super-media-element": {
      "version": "1.2.5",
      "resolved": "https://registry.npmjs.org/super-media-element/-/super-media-element-1.2.5.tgz",
      "integrity": "sha512-gvsK4QVc9xGU5m8G9b+00qfRrwUHOSGuMaLw7s9ERJSTQjjTh1YnTCe3ouKbNJMat2RdzJvLm5dZWkFiuAupBQ=="
    },
    "videojs-video-element": {
      "version": "1.0.3",
      "resolved": "https://registry.npmjs.org/videojs-video-element/-/videojs-video-element-1.0.3.tgz",
      "integrity": "sha512-jUv4UpG+Q7ap8zbVZIXNlrkoBR0ilNJMSUfnkH2jqgYi93LP+a6L7YCTNPyRdl9jEfwHJLc+aFLTAkDmNvxfBg==",
      "requires": {
        "super-media-element": "~1.2.3"
      }
    }
  }
}
